
Microsoft Visual Studio Solution File, Format Version 12.00
# Visual Studio Version 17
VisualStudioVersion = 17.14.37111.16 d17.14
MinimumVisualStudioVersion = 10.0.40219.1
Project("{FAE04EC0-301F-11D3-BF4B-00C04F79EFBC}") = "QuanLyChamCong", "QuanLyChamCong\QuanLyChamCong.csproj", "{7E19A648-7BD2-4F6A-94CE-37378BD1DDAF}"
EndProject
Global
	GlobalSection(SolutionConfigurationPlatforms) = preSolution
		Debug|Any CPU = Debug|Any CPU
		Release|Any CPU = Release|Any CPU
	EndGlobalSection
	GlobalSection(ProjectConfigurationPlatforms) = postSolution
		{7E19A648-7BD2-4F6A-94CE-37378BD1DDAF}.Debug|Any CPU.ActiveCfg = Debug|Any CPU
		{7E19A648-7BD2-4F6A-94CE-37378BD1DDAF}.Debug|Any CPU.Build.0 = Debug|Any CPU
		{7E19A648-7BD2-4F6A-94CE-37378BD1DDAF}.Release|Any CPU.ActiveCfg = Release|Any CPU
		{7E19A648-7BD2-4F6A-94CE-37378BD1DDAF}.Release|Any CPU.Build.0 = Release|Any CPU
	EndGlobalSection
	GlobalSection(SolutionProperties) = preSolution
		HideSolutionNode = FALSE
	EndGlobalSection
	GlobalSection(ExtensibilityGlobals) = postSolution
		SolutionGuid = {88C09295-D209-41CE-AA5A-99FBF43721CB}
	EndGlobalSection
EndGlobal
